
Microsoft Visual Studio Solution File, Format Version 12.00
# Visual Studio 14
VisualStudioVersion = 14.0.23107.0
MinimumVisualStudioVersion = 10.0.40219.1
Project("{FAE04EC0-301F-11D3-BF4B-00C04F79EFBC}") = "SNMPArpScanner", "SNMPArpScanner\SNMPArpScanner.csproj", "{57A30D1F-CD2D-43E4-B91E-652026540E81}"
EndProject
Global
	GlobalSection(SolutionConfigurationPlatforms) = preSolution
		Debug|Any CPU = Debug|Any CPU
		Release|Any CPU = Release|Any CPU
	EndGlobalSection
	GlobalSection(ProjectConfigurationPlatforms) = postSolution
		{57A30D1F-CD2D-43E4-B91E-652026540E81}.Debug|Any CPU.ActiveCfg = Debug|Any CPU
		{57A30D1F-CD2D-43E4-B91E-652026540E81}.Debug|Any CPU.Build.0 = Debug|Any CPU
		{57A30D1F-CD2D-43E4-B91E-652026540E81}.Release|Any CPU.ActiveCfg = Release|Any CPU
		{57A30D1F-CD2D-43E4-B91E-652026540E81}.Release|Any CPU.Build.0 = Release|Any CPU
	EndGlobalSection
	GlobalSection(SolutionProperties) = preSolution
		HideSolutionNode = FALSE
	EndGlobalSection
EndGlobal
